// !$*UTF8*$!
{
	archiveVersion = 1;
	classes = {
	};
	objectVersion = 46;
	objects = {

/* Begin PBXBuildFile section */
		814849411E84C99F008DD11B /* main.m in Sources */ = {isa = PBXBuildFile; fileRef = 814849401E84C99F008DD11B /* main.m */; };
		814849441E84C99F008DD11B /* AppDelegate.m in Sources */ = {isa = PBXBuildFile; fileRef = 814849431E84C99F008DD11B /* AppDelegate.m */; };
		814849471E84C99F008DD11B /* ViewController.m in Sources */ = {isa = PBXBuildFile; fileRef = 814849461E84C99F008DD11B /* ViewController.m */; };
		8148494A1E84C99F008DD11B /* Main.storyboard in Resources */ = {isa = PBXBuildFile; fileRef = 814849481E84C99F008DD11B /* Main.storyboard */; };
		8148494C1E84C99F008DD11B /* Assets.xcassets in Resources */ = {isa = PBXBuildFile; fileRef = 8148494B1E84C99F008DD11B /* Assets.xcassets */; };
		8148494F1E84C99F008DD11B /* LaunchScreen.storyboard in Resources */ = {isa = PBXBuildFile; fileRef = 8148494D1E84C99F008DD11B /* LaunchScreen.storyboard */; };
		8148495A1E84C99F008DD11B /* KeyChainTests.m in Sources */ = {isa = PBXBuildFile; fileRef = 814849591E84C99F008DD11B /* KeyChainTests.m */; };
		814849651E84C99F008DD11B /* KeyChainUITests.m in Sources */ = {isa = PBXBuildFile; fileRef = 814849641E84C99F008DD11B /* KeyChainUITests.m */; };
		814849741E84CAFE008DD11B /* Security.framework in Frameworks */ = {isa = PBXBuildFile; fileRef = 814849731E84CAFE008DD11B /* Security.framework */; };
		814849771E84CB41008DD11B /* KeyChain.m in Sources */ = {isa = PBXBuildFile; fileRef = 814849761E84CB41008DD11B /* KeyChain.m */; };
/* End PBXBuildFile section */

/* Begin PBXContainerItemProxy section */
		814849561E84C99F008DD11B /* PBXContainerItemProxy */ = {
			isa = PBXContainerItemProxy;
			containerPortal = 814849341E84C99F008DD11B /* Project object */;
			proxyType = 1;
			remoteGlobalIDString = 8148493B1E84C99F008DD11B;
			remoteInfo = KeyChain;
		};
		814849611E84C99F008DD11B /* PBXContainerItemProxy */ = {
			isa = PBXContainerItemProxy;
			containerPortal = 814849341E84C99F008DD11B /* Project object */;
			proxyType = 1;
			remoteGlobalIDString = 8148493B1E84C99F008DD11B;
			remoteInfo = KeyChain;
		};
/* End PBXContainerItemProxy section */

/* Begin PBXFileReference section */
		8148493C1E84C99F008DD11B /* KeyChain.app */ = {isa = PBXFileReference; explicitFileType = wrapper.application; includeInIndex = 0; path = KeyChain.app; sourceTree = BUILT_PRODUCTS_DIR; };
		814849401E84C99F008DD11B /* main.m */ = {isa = PBXFileReference; lastKnownFileType = sourcecode.c.objc; path = main.m; sourceTree = "<group>"; };
		814849421E84C99F008DD11B /* AppDelegate.h */ = {isa = PBXFileReference; lastKnownFileType = sourcecode.c.h; path = AppDelegate.h; sourceTree = "<group>"; };
		814849431E84C99F008DD11B /* AppDelegate.m */ = {isa = PBXFileReference; lastKnownFileType = sourcecode.c.objc; path = AppDelegate.m; sourceTree = "<group>"; };
		814849451E84C99F008DD11B /* ViewController.h */ = {isa = PBXFileReference; lastKnownFileType = sourcecode.c.h; path = ViewController.h; sourceTree = "<group>"; };
		814849461E84C99F008DD11B /* ViewController.m */ = {isa = PBXFileReference; lastKnownFileType = sourcecode.c.objc; path = ViewController.m; sourceTree = "<group>"; };
		814849491E84C99F008DD11B /* Base */ = {isa = PBXFileReference; lastKnownFileType = file.storyboard; name = Base; path = Base.lproj/Main.storyboard; sourceTree = "<group>"; };
		8148494B1E84C99F008DD11B /* Assets.xcassets */ = {isa = PBXFileReference; lastKnownFileType = folder.assetcatalog; path = Assets.xcassets; sourceTree = "<group>"; };
		8148494E1E84C99F008DD11B /* Base */ = {isa = PBXFileReference; lastKnownFileType = file.storyboard; name = Base; path = Base.lproj/LaunchScreen.storyboard; sourceTree = "<group>"; };
		814849501E84C99F008DD11B /* Info.plist */ = {isa = PBXFileReference; lastKnownFileType = text.plist.xml; path = Info.plist; sourceTree = "<group>"; };
		814849551E84C99F008DD11B /* KeyChainTests.xctest */ = {isa = PBXFileReference; explicitFileType = wrapper.cfbundle; includeInIndex = 0; path = KeyChainTests.xctest; sourceTree = BUILT_PRODUCTS_DIR; };
		814849591E84C99F008DD11B /* KeyChainTests.m */ = {isa = PBXFileReference; lastKnownFileType = sourcecode.c.objc; path = KeyChainTests.m; sourceTree = "<group>"; };
		8148495B1E84C99F008DD11B /* Info.plist */ = {isa = PBXFileReference; lastKnownFileType = text.plist.xml; path = Info.plist; sourceTree = "<group>"; };
		814849601E84C99F008DD11B /* KeyChainUITests.xctest */ = {isa = PBXFileReference; explicitFileType = wrapper.cfbundle; includeInIndex = 0; path = KeyChainUITests.xctest; sourceTree = BUILT_PRODUCTS_DIR; };
		814849641E84C99F008DD11B /* KeyChainUITests.m */ = {isa = PBXFileReference; lastKnownFileType = sourcecode.c.objc; path = KeyChainUITests.m; sourceTree = "<group>"; };
		814849661E84C99F008DD11B /* Info.plist */ = {isa = PBXFileReference; lastKnownFileType = text.plist.xml; path = Info.plist; sourceTree = "<group>"; };
		814849731E84CAFE008DD11B /* Security.framework */ = {isa = PBXFileReference; lastKnownFileType = wrapper.framework; name = Security.framework; path = System/Library/Frameworks/Security.framework; sourceTree = SDKROOT; };
		814849751E84CB41008DD11B /* KeyChain.h */ = {isa = PBXFileReference; fileEncoding = 4; lastKnownFileType = sourcecode.c.h; path = KeyChain.h; sourceTree = "<group>"; };
		814849761E84CB41008DD11B /* KeyChain.m */ = {isa = PBXFileReference; fileEncoding = 4; lastKnownFileType = sourcecode.c.objc; path = KeyChain.m; sourceTree = "<group>"; };
/* End PBXFileReference section */

/* Begin PBXFrameworksBuildPhase section */
		814849391E84C99F008DD11B /* Frameworks */ = {
			isa = PBXFrameworksBuildPhase;
			buildActionMask = 2147483647;
			files = (
				814849741E84CAFE008DD11B /* Security.framework in Frameworks */,
			);
			runOnlyForDeploymentPostprocessing = 0;
		};
		814849521E84C99F008DD11B /* Frameworks */ = {
			isa = PBXFrameworksBuildPhase;
			buildActionMask = 2147483647;
			files = (
			);
			runOnlyForDeploymentPostprocessing = 0;
		};
		8148495D1E84C99F008DD11B /* Frameworks */ = {
			isa = PBXFrameworksBuildPhase;
			buildActionMask = 2147483647;
			files = (
			);
			runOnlyForDeploymentPostprocessing = 0;
		};
/* End PBXFrameworksBuildPhase section */

/* Begin PBXGroup section */
		814849331E84C99F008DD11B = {
			isa = PBXGroup;
			children = (
				814849751E84CB41008DD11B /* KeyChain.h */,
				814849761E84CB41008DD11B /* KeyChain.m */,
				8148493E1E84C99F008DD11B /* KeyChain */,
				814849581E84C99F008DD11B /* KeyChainTests */,
				814849631E84C99F008DD11B /* KeyChainUITests */,
				8148493D1E84C99F008DD11B /* Products */,
				814849721E84CAFE008DD11B /* Frameworks */,
			);
			sourceTree = "<group>";
		};
		8148493D1E84C99F008DD11B /* Products */ = {
			isa = PBXGroup;
			children = (
				8148493C1E84C99F008DD11B /* KeyChain.app */,
				814849551E84C99F008DD11B /* KeyChainTests.xctest */,
				814849601E84C99F008DD11B /* KeyChainUITests.xctest */,
			);
			name = Products;
			sourceTree = "<group>";
		};
		8148493E1E84C99F008DD11B /* KeyChain */ = {
			isa = PBXGroup;
			children = (
				814849421E84C99F008DD11B /* AppDelegate.h */,
				814849431E84C99F008DD11B /* AppDelegate.m */,
				814849451E84C99F008DD11B /* ViewController.h */,
				814849461E84C99F008DD11B /* ViewController.m */,
				814849481E84C99F008DD11B /* Main.storyboard */,
				8148494B1E84C99F008DD11B /* Assets.xcassets */,
				8148494D1E84C99F008DD11B /* LaunchScreen.storyboard */,
				814849501E84C99F008DD11B /* Info.plist */,
				8148493F1E84C99F008DD11B /* Supporting Files */,
			);
			path = KeyChain;
			sourceTree = "<group>";
		};
		8148493F1E84C99F008DD11B /* Supporting Files */ = {
			isa = PBXGroup;
			children = (
				814849401E84C99F008DD11B /* main.m */,
			);
			name = "Supporting Files";
			sourceTree = "<group>";
		};
		814849581E84C99F008DD11B /* KeyChainTests */ = {
			isa = PBXGroup;
			children = (
				814849591E84C99F008DD11B /* KeyChainTests.m */,
				8148495B1E84C99F008DD11B /* Info.plist */,
			);
			path = KeyChainTests;
			sourceTree = "<group>";
		};
		814849631E84C99F008DD11B /* KeyChainUITests */ = {
			isa = PBXGroup;
			children = (
				814849641E84C99F008DD11B /* KeyChainUITests.m */,
				814849661E84C99F008DD11B /* Info.plist */,
			);
			path = KeyChainUITests;
			sourceTree = "<group>";
		};
		814849721E84CAFE008DD11B /* Frameworks */ = {
			isa = PBXGroup;
			children = (
				814849731E84CAFE008DD11B /* Security.framework */,
			);
			name = Frameworks;
			sourceTree = "<group>";
		};
/* End PBXGroup section */

/* Begin PBXNativeTarget section */
		8148493B1E84C99F008DD11B /* KeyChain */ = {
			isa = PBXNativeTarget;
			buildConfigurationList = 814849691E84C99F008DD11B /* Build configuration list for PBXNativeTarget "KeyChain" */;
			buildPhases = (
				814849381E84C99F008DD11B /* Sources */,
				814849391E84C99F008DD11B /* Frameworks */,
				8148493A1E84C99F008DD11B /* Resources */,
			);
			buildRules = (
			);
			dependencies = (
			);
			name = KeyChain;
			productName = KeyChain;
			productReference = 8148493C1E84C99F008DD11B /* KeyChain.app */;
			productType = "com.apple.product-type.application";
		};
		814849541E84C99F008DD11B /* KeyChainTests */ = {
			isa = PBXNativeTarget;
			buildConfigurationList = 8148496C1E84C99F008DD11B /* Build configuration list for PBXNativeTarget "KeyChainTests" */;
			buildPhases = (
				814849511E84C99F008DD11B /* Sources */,
				814849521E84C99F008DD11B /* Frameworks */,
				814849531E84C99F008DD11B /* Resources */,
			);
			buildRules = (
			);
			dependencies = (
				814849571E84C99F008DD11B /* PBXTargetDependency */,
			);
			name = KeyChainTests;
			productName = KeyChainTests;
			productReference = 814849551E84C99F008DD11B /* KeyChainTests.xctest */;
			productType = "com.apple.product-type.bundle.unit-test";
		};
		8148495F1E84C99F008DD11B /* KeyChainUITests */ = {
			isa = PBXNativeTarget;
			buildConfigurationList = 8148496F1E84C99F008DD11B /* Build configuration list for PBXNativeTarget "KeyChainUITests" */;
			buildPhases = (
				8148495C1E84C99F008DD11B /* Sources */,
				8148495D1E84C99F008DD11B /* Frameworks */,
				8148495E1E84C99F008DD11B /* Resources */,
			);
			buildRules = (
			);
			dependencies = (
				814849621E84C99F008DD11B /* PBXTargetDependency */,
			);
			name = KeyChainUITests;
			productName = KeyChainUITests;
			productReference = 814849601E84C99F008DD11B /* KeyChainUITests.xctest */;
			productType = "com.apple.product-type.bundle.ui-testing";
		};
/* End PBXNativeTarget section */

/* Begin PBXProject section */
		814849341E84C99F008DD11B /* Project object */ = {
			isa = PBXProject;
			attributes = {
				LastUpgradeCheck = 0820;
				ORGANIZATIONNAME = "一整天";
				TargetAttributes = {
					8148493B1E84C99F008DD11B = {
						CreatedOnToolsVersion = 8.2.1;
						ProvisioningStyle = Automatic;
					};
					814849541E84C99F008DD11B = {
						CreatedOnToolsVersion = 8.2.1;
						ProvisioningStyle = Automatic;
						TestTargetID = 8148493B1E84C99F008DD11B;
					};
					8148495F1E84C99F008DD11B = {
						CreatedOnToolsVersion = 8.2.1;
						ProvisioningStyle = Automatic;
						TestTargetID = 8148493B1E84C99F008DD11B;
					};
				};
			};
			buildConfigurationList = 814849371E84C99F008DD11B /* Build configuration list for PBXProject "KeyChain" */;
			compatibilityVersion = "Xcode 3.2";
			developmentRegion = English;
			hasScannedForEncodings = 0;
			knownRegions = (
				en,
				Base,
			);
			mainGroup = 814849331E84C99F008DD11B;
			productRefGroup = 8148493D1E84C99F008DD11B /* Products */;
			projectDirPath = "";
			projectRoot = "";
			targets = (
				8148493B1E84C99F008DD11B /* KeyChain */,
				814849541E84C99F008DD11B /* KeyChainTests */,
				8148495F1E84C99F008DD11B /* KeyChainUITests */,
			);
		};
/* End PBXProject section */

/* Begin PBXResourcesBuildPhase section */
		8148493A1E84C99F008DD11B /* Resources */ = {
			isa = PBXResourcesBuildPhase;
			buildActionMask = 2147483647;
			files = (
				8148494F1E84C99F008DD11B /* LaunchScreen.storyboard in Resources */,
				8148494C1E84C99F008DD11B /* Assets.xcassets in Resources */,
				8148494A1E84C99F008DD11B /* Main.storyboard in Resources */,
			);
			runOnlyForDeploymentPostprocessing = 0;
		};
		814849531E84C99F008DD11B /* Resources */ = {
			isa = PBXResourcesBuildPhase;
			buildActionMask = 2147483647;
			files = (
			);
			runOnlyForDeploymentPostprocessing = 0;
		};
		8148495E1E84C99F008DD11B /* Resources */ = {
			isa = PBXResourcesBuildPhase;
			buildActionMask = 2147483647;
			files = (
			);
			runOnlyForDeploymentPostprocessing = 0;
		};
/* End PBXResourcesBuildPhase section */

/* Begin PBXSourcesBuildPhase section */
		814849381E84C99F008DD11B /* Sources */ = {
			isa = PBXSourcesBuildPhase;
			buildActionMask = 2147483647;
			files = (
				814849471E84C99F008DD11B /* ViewController.m in Sources */,
				814849771E84CB41008DD11B /* KeyChain.m in Sources */,
				814849441E84C99F008DD11B /* AppDelegate.m in Sources */,
				814849411E84C99F008DD11B /* main.m in Sources */,
			);
			runOnlyForDeploymentPostprocessing = 0;
		};
		814849511E84C99F008DD11B /* Sources */ = {
			isa = PBXSourcesBuildPhase;
			buildActionMask = 2147483647;
			files = (
				8148495A1E84C99F008DD11B /* KeyChainTests.m in Sources */,
			);
			runOnlyForDeploymentPostprocessing = 0;
		};
		8148495C1E84C99F008DD11B /* Sources */ = {
			isa = PBXSourcesBuildPhase;
			buildActionMask = 2147483647;
			files = (
				814849651E84C99F008DD11B /* KeyChainUITests.m in Sources */,
			);
			runOnlyForDeploymentPostprocessing = 0;
		};
/* End PBXSourcesBuildPhase section */

/* Begin PBXTargetDependency section */
		814849571E84C99F008DD11B /* PBXTargetDependency */ = {
			isa = PBXTargetDependency;
			target = 8148493B1E84C99F008DD11B /* KeyChain */;
			targetProxy = 814849561E84C99F008DD11B /* PBXContainerItemProxy */;
		};
		814849621E84C99F008DD11B /* PBXTargetDependency */ = {
			isa = PBXTargetDependency;
			target = 8148493B1E84C99F008DD11B /* KeyChain */;
			targetProxy = 814849611E84C99F008DD11B /* PBXContainerItemProxy */;
		};
/* End PBXTargetDependency section */

/* Begin PBXVariantGroup section */
		814849481E84C99F008DD11B /* Main.storyboard */ = {
			isa = PBXVariantGroup;
			children = (
				814849491E84C99F008DD11B /* Base */,
			);
			name = Main.storyboard;
			sourceTree = "<group>";
		};
		8148494D1E84C99F008DD11B /* LaunchScreen.storyboard */ = {
			isa = PBXVariantGroup;
			children = (
				8148494E1E84C99F008DD11B /* Base */,
			);
			name = LaunchScreen.storyboard;
			sourceTree = "<group>";
		};
/* End PBXVariantGroup section */

/* Begin XCBuildConfiguration section */
		814849671E84C99F008DD11B /* Debug */ = {
			isa = XCBuildConfiguration;
			buildSettings = {
				ALWAYS_SEARCH_USER_PATHS = NO;
				CLANG_ANALYZER_NONNULL = YES;
				CLANG_CXX_LANGUAGE_STANDARD = "gnu++0x";
				CLANG_CXX_LIBRARY = "libc++";
				CLANG_ENABLE_MODULES = YES;
				CLANG_ENABLE_OBJC_ARC = YES;
				CLANG_WARN_BOOL_CONVERSION = YES;
				CLANG_WARN_CONSTANT_CONVERSION = YES;
				CLANG_WARN_DIRECT_OBJC_ISA_USAGE = YES_ERROR;
				CLANG_WARN_DOCUMENTATION_COMMENTS = YES;
				CLANG_WARN_EMPTY_BODY = YES;
				CLANG_WARN_ENUM_CONVERSION = YES;
				CLANG_WARN_INFINITE_RECURSION = YES;
				CLANG_WARN_INT_CONVERSION = YES;
				CLANG_WARN_OBJC_ROOT_CLASS = YES_ERROR;
				CLANG_WARN_SUSPICIOUS_MOVE = YES;
				CLANG_WARN_UNREACHABLE_CODE = YES;
				CLANG_WARN__DUPLICATE_METHOD_MATCH = YES;
				"CODE_SIGN_IDENTITY[sdk=iphoneos*]" = "iPhone Developer";
				COPY_PHASE_STRIP = NO;
				DEBUG_INFORMATION_FORMAT = dwarf;
				ENABLE_STRICT_OBJC_MSGSEND = YES;
				ENABLE_TESTABILITY = YES;
				GCC_C_LANGUAGE_STANDARD = gnu99;
				GCC_DYNAMIC_NO_PIC = NO;
				GCC_NO_COMMON_BLOCKS = YES;
				GCC_OPTIMIZATION_LEVEL = 0;
				GCC_PREPROCESSOR_DEFINITIONS = (
					"DEBUG=1",
					"$(inherited)",
				);
				GCC_WARN_64_TO_32_BIT_CONVERSION = YES;
				GCC_WARN_ABOUT_RETURN_TYPE = YES_ERROR;
				GCC_WARN_UNDECLARED_SELECTOR = YES;
				GCC_WARN_UNINITIALIZED_AUTOS = YES_AGGRESSIVE;
				GCC_WARN_UNUSED_FUNCTION = YES;
				GCC_WARN_UNUSED_VARIABLE = YES;
				IPHONEOS_DEPLOYMENT_TARGET = 10.2;
				MTL_ENABLE_DEBUG_INFO = YES;
				ONLY_ACTIVE_ARCH = YES;
				SDKROOT = iphoneos;
			};
			name = Debug;
		};
		814849681E84C99F008DD11B /* Release */ = {
			isa = XCBuildConfiguration;
			buildSettings = {
				ALWAYS_SEARCH_USER_PATHS = NO;
				CLANG_ANALYZER_NONNULL = YES;
				CLANG_CXX_LANGUAGE_STANDARD = "gnu++0x";
				CLANG_CXX_LIBRARY = "libc++";
				CLANG_ENABLE_MODULES = YES;
				CLANG_ENABLE_OBJC_ARC = YES;
				CLANG_WARN_BOOL_CONVERSION = YES;
				CLANG_WARN_CONSTANT_CONVERSION = YES;
				CLANG_WARN_DIRECT_OBJC_ISA_USAGE = YES_ERROR;
				CLANG_WARN_DOCUMENTATION_COMMENTS = YES;
				CLANG_WARN_EMPTY_BODY = YES;
				CLANG_WARN_ENUM_CONVERSION = YES;
				CLANG_WARN_INFINITE_RECURSION = YES;
				CLANG_WARN_INT_CONVERSION = YES;
				CLANG_WARN_OBJC_ROOT_CLASS = YES_ERROR;
				CLANG_WARN_SUSPICIOUS_MOVE = YES;
				CLANG_WARN_UNREACHABLE_CODE = YES;
				CLANG_WARN__DUPLICATE_METHOD_MATCH = YES;
				"CODE_SIGN_IDENTITY[sdk=iphoneos*]" = "iPhone Developer";
				COPY_PHASE_STRIP = NO;
				DEBUG_INFORMATION_FORMAT = "dwarf-with-dsym";
				ENABLE_NS_ASSERTIONS = NO;
				ENABLE_STRICT_OBJC_MSGSEND = YES;
				GCC_C_LANGUAGE_STANDARD = gnu99;
				GCC_NO_COMMON_BLOCKS = YES;
				GCC_WARN_64_TO_32_BIT_CONVERSION = YES;
				GCC_WARN_ABOUT_RETURN_TYPE = YES_ERROR;
				GCC_WARN_UNDECLARED_SELECTOR = YES;
				GCC_WARN_UNINITIALIZED_AUTOS = YES_AGGRESSIVE;
				GCC_WARN_UNUSED_FUNCTION = YES;
				GCC_WARN_UNUSED_VARIABLE = YES;
				IPHONEOS_DEPLOYMENT_TARGET = 10.2;
				MTL_ENABLE_DEBUG_INFO = NO;
				SDKROOT = iphoneos;
				VALIDATE_PRODUCT = YES;
			};
			name = Release;
		};
		8148496A1E84C99F008DD11B /* Debug */ = {
			isa = XCBuildConfiguration;
			buildSettings = {
				ASSETCATALOG_COMPILER_APPICON_NAME = AppIcon;
				INFOPLIST_FILE = KeyChain/Info.plist;
				LD_RUNPATH_SEARCH_PATHS = "$(inherited) @executable_path/Frameworks";
				PRODUCT_BUNDLE_IDENTIFIER = dasdasdaddffasda.KeyChain;
				PRODUCT_NAME = "$(TARGET_NAME)";
			};
			name = Debug;
		};
		8148496B1E84C99F008DD11B /* Release */ = {
			isa = XCBuildConfiguration;
			buildSettings = {
				ASSETCATALOG_COMPILER_APPICON_NAME = AppIcon;
				INFOPLIST_FILE = KeyChain/Info.plist;
				LD_RUNPATH_SEARCH_PATHS = "$(inherited) @executable_path/Frameworks";
				PRODUCT_BUNDLE_IDENTIFIER = dasdasdaddffasda.KeyChain;
				PRODUCT_NAME = "$(TARGET_NAME)";
			};
			name = Release;
		};
		8148496D1E84C99F008DD11B /* Debug */ = {
			isa = XCBuildConfiguration;
			buildSettings = {
				BUNDLE_LOADER = "$(TEST_HOST)";
				INFOPLIST_FILE = KeyChainTests/Info.plist;
				LD_RUNPATH_SEARCH_PATHS = "$(inherited) @executable_path/Frameworks @loader_path/Frameworks";
				PRODUCT_BUNDLE_IDENTIFIER = dasdasdaddffasda.KeyChainTests;
				PRODUCT_NAME = "$(TARGET_NAME)";
				TEST_HOST = "$(BUILT_PRODUCTS_DIR)/KeyChain.app/KeyChain";
			};
			name = Debug;
		};
		8148496E1E84C99F008DD11B /* Release */ = {
			isa = XCBuildConfiguration;
			buildSettings = {
				BUNDLE_LOADER = "$(TEST_HOST)";
				INFOPLIST_FILE = KeyChainTests/Info.plist;
				LD_RUNPATH_SEARCH_PATHS = "$(inherited) @executable_path/Frameworks @loader_path/Frameworks";
				PRODUCT_BUNDLE_IDENTIFIER = dasdasdaddffasda.KeyChainTests;
				PRODUCT_NAME = "$(TARGET_NAME)";
				TEST_HOST = "$(BUILT_PRODUCTS_DIR)/KeyChain.app/KeyChain";
			};
			name = Release;
		};
		814849701E84C99F008DD11B /* Debug */ = {
			isa = XCBuildConfiguration;
			buildSettings = {
				INFOPLIST_FILE = KeyChainUITests/Info.plist;
				LD_RUNPATH_SEARCH_PATHS = "$(inherited) @executable_path/Frameworks @loader_path/Frameworks";
				PRODUCT_BUNDLE_IDENTIFIER = dasdasdaddffasda.KeyChainUITests;
				PRODUCT_NAME = "$(TARGET_NAME)";
				TEST_TARGET_NAME = KeyChain;
			};
			name = Debug;
		};
		814849711E84C99F008DD11B /* Release */ = {
			isa = XCBuildConfiguration;
			buildSettings = {
				INFOPLIST_FILE = KeyChainUITests/Info.plist;
				LD_RUNPATH_SEARCH_PATHS = "$(inherited) @executable_path/Frameworks @loader_path/Frameworks";
				PRODUCT_BUNDLE_IDENTIFIER = dasdasdaddffasda.KeyChainUITests;
				PRODUCT_NAME = "$(TARGET_NAME)";
				TEST_TARGET_NAME = KeyChain;
			};
			name = Release;
		};
/* End XCBuildConfiguration section */

/* Begin XCConfigurationList section */
		814849371E84C99F008DD11B /* Build configuration list for PBXProject "KeyChain" */ = {
			isa = XCConfigurationList;
			buildConfigurations = (
				814849671E84C99F008DD11B /* Debug */,
				814849681E84C99F008DD11B /* Release */,
			);
			defaultConfigurationIsVisible = 0;
			defaultConfigurationName = Release;
		};
		814849691E84C99F008DD11B /* Build configuration list for PBXNativeTarget "KeyChain" */ = {
			isa = XCConfigurationList;
			buildConfigurations = (
				8148496A1E84C99F008DD11B /* Debug */,
				8148496B1E84C99F008DD11B /* Release */,
			);
			defaultConfigurationIsVisible = 0;
		};
		8148496C1E84C99F008DD11B /* Build configuration list for PBXNativeTarget "KeyChainTests" */ = {
			isa = XCConfigurationList;
			buildConfigurations = (
				8148496D1E84C99F008DD11B /* Debug */,
				8148496E1E84C99F008DD11B /* Release */,
			);
			defaultConfigurationIsVisible = 0;
		};
		8148496F1E84C99F008DD11B /* Build configuration list for PBXNativeTarget "KeyChainUITests" */ = {
			isa = XCConfigurationList;
			buildConfigurations = (
				814849701E84C99F008DD11B /* Debug */,
				814849711E84C99F008DD11B /* Release */,
			);
			defaultConfigurationIsVisible = 0;
		};
/* End XCConfigurationList section */
	};
	rootObject = 814849341E84C99F008DD11B /* Project object */;
}
